
Microsoft Visual Studio Solution File, Format Version 11.00
# Visual Studio 2010
Project("{FAE04EC0-301F-11D3-BF4B-00C04F79EFBC}") = "WebCodeEditor", "WebCodeEditor\WebCodeEditor.csproj", "{0673F512-6E61-4FF1-B9C1-CC9A3E8B8E50}"
EndProject
Global
	GlobalSection(SolutionConfigurationPlatforms) = preSolution
		Debug|Any CPU = Debug|Any CPU
		Release|Any CPU = Release|Any CPU
	EndGlobalSection
	GlobalSection(ProjectConfigurationPlatforms) = postSolution
		{0673F512-6E61-4FF1-B9C1-CC9A3E8B8E50}.Debug|Any CPU.ActiveCfg = Debug|Any CPU
		{0673F512-6E61-4FF1-B9C1-CC9A3E8B8E50}.Debug|Any CPU.Build.0 = Debug|Any CPU
		{0673F512-6E61-4FF1-B9C1-CC9A3E8B8E50}.Release|Any CPU.ActiveCfg = Release|Any CPU
		{0673F512-6E61-4FF1-B9C1-CC9A3E8B8E50}.Release|Any CPU.Build.0 = Release|Any CPU
	EndGlobalSection
	GlobalSection(SolutionProperties) = preSolution
		HideSolutionNode = FALSE
	EndGlobalSection
EndGlobal
